
Microsoft Visual Studio Solution File, Format Version 12.00
# Visual Studio Version 17
VisualStudioVersion = 17.7.34031.279
MinimumVisualStudioVersion = 10.0.40219.1
Project("{FAE04EC0-301F-11D3-BF4B-00C04F79EFBC}") = "SimpleWeatherApp", "SimpleWeatherApp\SimpleWeatherApp.csproj", "{80D19BBF-3873-462A-BB27-9DFE9A5BD227}"
EndProject
Project("{FAE04EC0-301F-11D3-BF4B-00C04F79EFBC}") = "SimpleWeatherApp.Test", "SimpleWeatherApp.Test\SimpleWeatherApp.Test.csproj", "{A0D6C485-5677-4C3D-B1B8-4D2D568BC2BD}"
EndProject
Global
	GlobalSection(SolutionConfigurationPlatforms) = preSolution
		Debug|Any CPU = Debug|Any CPU
		Release|Any CPU = Release|Any CPU
	EndGlobalSection
	GlobalSection(ProjectConfigurationPlatforms) = postSolution
		{80D19BBF-3873-462A-BB27-9DFE9A5BD227}.Debug|Any CPU.ActiveCfg = Debug|Any CPU
		{80D19BBF-3873-462A-BB27-9DFE9A5BD227}.Debug|Any CPU.Build.0 = Debug|Any CPU
		{80D19BBF-3873-462A-BB27-9DFE9A5BD227}.Release|Any CPU.ActiveCfg = Release|Any CPU
		{80D19BBF-3873-462A-BB27-9DFE9A5BD227}.Release|Any CPU.Build.0 = Release|Any CPU
		{A0D6C485-5677-4C3D-B1B8-4D2D568BC2BD}.Debug|Any CPU.ActiveCfg = Debug|Any CPU
		{A0D6C485-5677-4C3D-B1B8-4D2D568BC2BD}.Debug|Any CPU.Build.0 = Debug|Any CPU
		{A0D6C485-5677-4C3D-B1B8-4D2D568BC2BD}.Release|Any CPU.ActiveCfg = Release|Any CPU
		{A0D6C485-5677-4C3D-B1B8-4D2D568BC2BD}.Release|Any CPU.Build.0 = Release|Any CPU
	EndGlobalSection
	GlobalSection(SolutionProperties) = preSolution
		HideSolutionNode = FALSE
	EndGlobalSection
	GlobalSection(ExtensibilityGlobals) = postSolution
		SolutionGuid = {8CA08D83-B780-460A-BBA0-9DB56ECF3DE1}
	EndGlobalSection
EndGlobal
